{
  "version": "3",
  "packages": {
    "specifiers": {
      "npm:@types/node": "npm:@types/node@18.16.19",
      "npm:graphql": "npm:graphql@16.8.1",
      "npm:graphql-tag": "npm:graphql-tag@2.12.6_graphql@16.8.1",
      "npm:nexus": "npm:nexus@1.3.0_graphql@16.8.1"
    },
    "npm": {
      "@types/node@18.16.19": {
        "integrity": "sha512-IXl7o+R9iti9eBW4Wg2hx1xQDig183jj7YLn8F7udNceyfkbn1ZxmzZXuak20gR40D7pIkIY1kYGx5VIGbaHKA==",
        "dependencies": {}
      },
      "graphql-tag@2.12.6_graphql@16.8.1": {
        "integrity": "sha512-FdSNcu2QQcWnM2VNvSCCDCVS5PpPqpzgFT8+GXzqJuoDd0CBncxCY278u4mhRO7tMgo2JjgJA5aZ+nWSQ/Z+xg==",
        "dependencies": {
          "graphql": "graphql@16.8.1",
          "tslib": "tslib@2.6.2"
        }
      },
      "graphql@16.8.1": {
        "integrity": "sha512-59LZHPdGZVh695Ud9lRzPBVTtlX9ZCV150Er2W43ro37wVof0ctenSaskPPjN7lVTIN8mSZt8PHUNKZuNQUuxw==",
        "dependencies": {}
      },
      "iterall@1.3.0": {
        "integrity": "sha512-QZ9qOMdF+QLHxy1QIpUHUU1D5pS2CG2P69LF6L6CPjPYA/XMOmKV3PZpawHoAjHNyB0swdVTRxdYT4tbBbxqwg==",
        "dependencies": {}
      },
      "nexus@1.3.0_graphql@16.8.1": {
        "integrity": "sha512-w/s19OiNOs0LrtP7pBmD9/FqJHvZLmCipVRt6v1PM8cRUYIbhEswyNKGHVoC4eHZGPSnD+bOf5A3+gnbt0A5/A==",
        "dependencies": {
          "graphql": "graphql@16.8.1",
          "iterall": "iterall@1.3.0",
          "tslib": "tslib@2.6.2"
        }
      },
      "tslib@2.6.2": {
        "integrity": "sha512-AEYxH93jGFPn/a2iVAwW87VuUIkR1FVUKB77NwMF7nBTDkDrrT/Hpt/IrCJ0QXhW27jTBDcf5ZY7w6RiqTMw2Q==",
        "dependencies": {}
      }
    }
  },
  "redirects": {
    "https://esm.sh/graphql-tag": "https://esm.sh/graphql-tag@2.12.6"
  },
  "remote": {
    "https://cdn.jsdelivr.net/gh/tsirysndr/dagger@zenith-functions/sdk/deno/deps.ts": "87e74c8b572bc4741f2442011be92384aff830044bf1524c38c86bea5e38f34c",
    "https://cdn.jsdelivr.net/gh/tsirysndr/dagger@zenith-functions/sdk/deno/mod.ts": "9281a901356ba1a36cad9df38675df58c8a0d9c74d9a069766bede36d50f078d",
    "https://cdn.jsdelivr.net/gh/tsirysndr/dagger@zenith-functions/sdk/deno/src/client.ts": "d231be3ad5b3788fa0f19f498c7b923ed9875fdd17b8ef3814be2d98b883bdd3",
    "https://cdn.jsdelivr.net/gh/tsirysndr/dagger@zenith-functions/sdk/deno/src/connect.ts": "6c91ba71903648cb0a80f19112faea5b06871e3e8c5eed14b6316e25a31fe250",
    "https://cdn.jsdelivr.net/gh/tsirysndr/dagger@zenith-functions/sdk/deno/src/utils.ts": "5dcd6d83553930502069d067ff42bc44698e22c23426fdb78630c4b39769d308",
    "https://deno.land/std@0.150.0/media_types/_util.ts": "ce9b4fc4ba1c447dafab619055e20fd88236ca6bdd7834a21f98bd193c3fbfa1",
    "https://deno.land/std@0.150.0/media_types/mod.ts": "2d4b6f32a087029272dc59e0a55ae3cc4d1b27b794ccf528e94b1925795b3118",
    "https://deno.land/std@0.150.0/media_types/vendor/mime-db.v1.52.0.ts": "724cee25fa40f1a52d3937d6b4fbbfdd7791ff55e1b7ac08d9319d5632c7f5af",
    "https://deno.land/std@0.203.0/assert/assert.ts": "9a97dad6d98c238938e7540736b826440ad8c1c1e54430ca4c4e623e585607ee",
    "https://deno.land/std@0.203.0/assert/assertion_error.ts": "4d0bde9b374dfbcbe8ac23f54f567b77024fb67dbb1906a852d67fe050d42f56",
    "https://deno.land/std@0.203.0/path/_basename.ts": "057d420c9049821f983f784fd87fa73ac471901fb628920b67972b0f44319343",
    "https://deno.land/std@0.203.0/path/_constants.ts": "e49961f6f4f48039c0dfed3c3f93e963ca3d92791c9d478ac5b43183413136e0",
    "https://deno.land/std@0.203.0/path/_dirname.ts": "355e297236b2218600aee7a5301b937204c62e12da9db4b0b044993d9e658395",
    "https://deno.land/std@0.203.0/path/_extname.ts": "eaaa5aae1acf1f03254d681bd6a8ce42a9cb5b7ff2213a9d4740e8ab31283664",
    "https://deno.land/std@0.203.0/path/_format.ts": "4a99270d6810f082e614309164fad75d6f1a483b68eed97c830a506cc589f8b4",
    "https://deno.land/std@0.203.0/path/_from_file_url.ts": "6eadfae2e6f63ad9ee46b26db4a1b16583055c0392acedfb50ed2fc694b6f581",
    "https://deno.land/std@0.203.0/path/_interface.ts": "6471159dfbbc357e03882c2266d21ef9afdb1e4aa771b0545e90db58a0ba314b",
    "https://deno.land/std@0.203.0/path/_is_absolute.ts": "05dac10b5e93c63198b92e3687baa2be178df5321c527dc555266c0f4f51558c",
    "https://deno.land/std@0.203.0/path/_join.ts": "815f5e85b042285175b1492dd5781240ce126c23bd97bad6b8211fe7129c538e",
    "https://deno.land/std@0.203.0/path/_normalize.ts": "a19ec8706b2707f9dd974662a5cd89fad438e62ab1857e08b314a8eb49a34d81",
    "https://deno.land/std@0.203.0/path/_os.ts": "30b0c2875f360c9296dbe6b7f2d528f0f9c741cecad2e97f803f5219e91b40a2",
    "https://deno.land/std@0.203.0/path/_parse.ts": "0f9b0ff43682dd9964eb1c4398610c4e165d8db9d3ac9d594220217adf480cfa",
    "https://deno.land/std@0.203.0/path/_relative.ts": "27bdeffb5311a47d85be26d37ad1969979359f7636c5cd9fcf05dcd0d5099dc5",
    "https://deno.land/std@0.203.0/path/_resolve.ts": "7a3616f1093735ed327e758313b79c3c04ea921808ca5f19ddf240cb68d0adf6",
    "https://deno.land/std@0.203.0/path/_to_file_url.ts": "a141e4a525303e1a3a0c0571fd024552b5f3553a2af7d75d1ff3a503dcbb66d8",
    "https://deno.land/std@0.203.0/path/_to_namespaced_path.ts": "0d5f4caa2ed98ef7a8786286df6af804b50e38859ae897b5b5b4c8c5930a75c8",
    "https://deno.land/std@0.203.0/path/_util.ts": "4e191b1bac6b3bf0c31aab42e5ca2e01a86ab5a0d2e08b75acf8585047a86221",
    "https://deno.land/std@0.203.0/path/basename.ts": "bdfa5a624c6a45564dc6758ef2077f2822978a6dbe77b0a3514f7d1f81362930",
    "https://deno.land/std@0.203.0/path/common.ts": "ee7505ab01fd22de3963b64e46cff31f40de34f9f8de1fff6a1bd2fe79380000",
    "https://deno.land/std@0.203.0/path/dirname.ts": "b6533f4ee4174a526dec50c279534df5345836dfdc15318400b08c62a62a39dd",
    "https://deno.land/std@0.203.0/path/extname.ts": "62c4b376300795342fe1e4746c0de518b4dc9c4b0b4617bfee62a2973a9555cf",
    "https://deno.land/std@0.203.0/path/format.ts": "110270b238514dd68455a4c54956215a1aff7e37e22e4427b7771cefe1920aa5",
    "https://deno.land/std@0.203.0/path/from_file_url.ts": "9f5cb58d58be14c775ec2e57fc70029ac8b17ed3bd7fe93e475b07280adde0ac",
    "https://deno.land/std@0.203.0/path/glob.ts": "593e2c3573883225c25c5a21aaa8e9382a696b8e175ea20a3b6a1471ad17aaed",
    "https://deno.land/std@0.203.0/path/is_absolute.ts": "0b92eb35a0a8780e9f16f16bb23655b67dace6a8e0d92d42039e518ee38103c1",
    "https://deno.land/std@0.203.0/path/join.ts": "31c5419f23d91655b08ec7aec403f4e4cd1a63d39e28f6e42642ea207c2734f8",
    "https://deno.land/std@0.203.0/path/mod.ts": "6e1efb0b13121463aedb53ea51dabf5639a3172ab58c89900bbb72b486872532",
    "https://deno.land/std@0.203.0/path/normalize.ts": "6ea523e0040979dd7ae2f1be5bf2083941881a252554c0f32566a18b03021955",
    "https://deno.land/std@0.203.0/path/parse.ts": "be8de342bb9e1924d78dc4d93c45215c152db7bf738ec32475560424b119b394",
    "https://deno.land/std@0.203.0/path/posix.ts": "0a1c1952d132323a88736d03e92bd236f3ed5f9f079e5823fae07c8d978ee61b",
    "https://deno.land/std@0.203.0/path/relative.ts": "8bedac226afd360afc45d451a6c29fabceaf32978526bcb38e0c852661f66c61",
    "https://deno.land/std@0.203.0/path/resolve.ts": "133161e4949fc97f9ca67988d51376b0f5eef8968a6372325ab84d39d30b80dc",
    "https://deno.land/std@0.203.0/path/separator.ts": "40a3e9a4ad10bef23bc2cd6c610291b6c502a06237c2c4cd034a15ca78dedc1f",
    "https://deno.land/std@0.203.0/path/to_file_url.ts": "00e6322373dd51ad109956b775e4e72e5f9fa68ce2c6b04e4af2a6eed3825d31",
    "https://deno.land/std@0.203.0/path/to_namespaced_path.ts": "1b1db3055c343ab389901adfbda34e82b7386bcd1c744d54f9c1496ee0fd0c3d",
    "https://deno.land/std@0.203.0/path/win32.ts": "8b3f80ef7a462511d5e8020ff490edcaa0a0d118f1b1e9da50e2916bdd73f9dd",
    "https://deno.land/x/xhr@0.3.0/mod.ts": "094aacd627fd9635cd942053bf8032b5223b909858fa9dc8ffa583752ff63b20",
    "https://esm.sh/@dagger.io/dagger@0.8.7": "156c912ef678c9f91015c2c19508febf043a9750a8471a98b7af9e67b92bbbee",
    "https://esm.sh/graphql-tag@2.12.6": "2d8f017bc251d9e7346bafc3f3aef4b65f7fdc302c6e0d085e3359f44c893068",
    "https://esm.sh/nexus@1.3.0": "68b008dd1d9cbdc1be314bff4cc7e68e9f6c40044ae5d7121af29766092319a6",
    "https://esm.sh/v128/cross-fetch@3.1.8/denonext/cross-fetch.mjs": "8fba9e7c3fbaf0d2168beb63ce0cd21b5bfbfbd77e2fcbf8d957d533a71222f6",
    "https://esm.sh/v128/graphql-request@6.1.0": "17f00c323eb825811ce14e2b0e88a0c873acb666c382ac963d1edeb03e01f372",
    "https://esm.sh/v128/graphql-request@6.1.0/denonext/graphql-request.mjs": "0b15f49d44489423ae6f06004725b6d050b6359da4969e6569bd6ad45065bd94",
    "https://esm.sh/v128/graphql@16.7.1/denonext/graphql.mjs": "418ad7c07b0f2d687f33b6275d3b5f317f4afbef1f462f318229f458dff45416",
    "https://esm.sh/v132/@dagger.io/dagger@0.8.7/denonext/dagger.mjs": "008f85e9b8434f1af233d7dae32141b90dfabade15b9e498aee1cb1d6fc569e7",
    "https://esm.sh/v132/adm-zip@0.5.10/denonext/adm-zip.mjs": "bcdc3b866e0817ac4f1b2a3021dd0a9aafa2c65f1fd254511706b7924fa8b0b7",
    "https://esm.sh/v132/chownr@2.0.0/denonext/chownr.mjs": "30b8f17084dfbe475a5052b615f706b06ddd17dca0535103340d485c6b94e952",
    "https://esm.sh/v132/cross-fetch@3.1.8/denonext/cross-fetch.mjs": "8fba9e7c3fbaf0d2168beb63ce0cd21b5bfbfbd77e2fcbf8d957d533a71222f6",
    "https://esm.sh/v132/cross-spawn@7.0.3/denonext/cross-spawn.mjs": "7c92cdafd952c699fe01eb7a0c29c7cc112c546068ff757cb8832fa110499f11",
    "https://esm.sh/v132/env-paths@3.0.0/denonext/env-paths.mjs": "77984a05eb16450087f25060a070ed500ec546719d471143e16d976ca73ca956",
    "https://esm.sh/v132/execa@8.0.1/denonext/execa.mjs": "242988c9b13e7a0aa7bd41328276915054c26678ccaad7202049a9e6bec401b1",
    "https://esm.sh/v132/fs-minipass@2.1.0/denonext/fs-minipass.mjs": "18bcb6852f74c79ad50261e900a8c5daf2e7c38ce6662859e4f6f61d18daa6ed",
    "https://esm.sh/v132/get-stream@8.0.1/denonext/get-stream.mjs": "b8ab640bf2638c1ae704a217b79e0a56e7a1f97bb48bbe40d723d5ea87eb0ecb",
    "https://esm.sh/v132/graphql-request@6.1.0/denonext/graphql-request.mjs": "796e05cc81ad339ef182de57452ffc00e9fef874df14fbba41338ca893499733",
    "https://esm.sh/v132/graphql-tag@2.12.6/denonext/graphql-tag.mjs": "ca4302aabfeec9e4335103f1a3eeaf26277af50b828a3bcde7f262fcd4e98e1d",
    "https://esm.sh/v132/graphql@16.8.0/denonext/graphql.mjs": "e10e0db78cbbef8215b2665e5ed46cbb28fc61ecdb560f9e8d304a610f51f5bc",
    "https://esm.sh/v132/graphql@16.8.1/denonext/graphql.mjs": "585b84022623b931e27a7a8134cd24ec50b33ea12fd18b43254527628a0fddac",
    "https://esm.sh/v132/human-signals@5.0.0/denonext/human-signals.mjs": "8d8663d92280b1ed15bb1b1a0a79601e17f6b165335e85f94c40e56129542077",
    "https://esm.sh/v132/is-stream@3.0.0/denonext/is-stream.mjs": "5c8b65f2fa051c4b18e88bbae11dac8bba9caf57752577d69bcea86d1f05c5b7",
    "https://esm.sh/v132/isexe@2.0.0/denonext/isexe.mjs": "3cfefd270d1bfdfb864ee98dbb8f41d150cbf480925158f4a8f0ade8a9e17d6c",
    "https://esm.sh/v132/iterall@1.3.0/denonext/iterall.mjs": "4bcb8f25f387ee8b346b16f981c1792fd60f2d2d9a1c5dc9c1065323572e78c2",
    "https://esm.sh/v132/merge-stream@2.0.0/denonext/merge-stream.mjs": "2c2af22401c294158d6bff659d157e3d2c028c218cc1bd2246534a45a4c03c61",
    "https://esm.sh/v132/mimic-fn@4.0.0/denonext/mimic-fn.mjs": "10bcf0f2f20cbbba0c289ef7bf4d2422639bbc1c36c247be876afd6fe2d67138",
    "https://esm.sh/v132/minipass@3.3.6/denonext/minipass.mjs": "59bbe430514455e78cb30c389b21af66efb2bf010cda071820a17d8c76d0d1cf",
    "https://esm.sh/v132/minipass@5.0.0/denonext/minipass.mjs": "de0e049728f8c387b58c86439eb9d69a16b6a88756a6bc694e2fecbd7fd00401",
    "https://esm.sh/v132/minizlib@2.1.2/denonext/minizlib.mjs": "2e35ea8aa6cb4caa6f9b6c5b3c8684460698c868363e134af26c28d0e76ded5f",
    "https://esm.sh/v132/mkdirp@1.0.4/denonext/mkdirp.mjs": "091be31ee8a9c0f5f716b769bf81397ac70a587a5f2b0367e1e3bda26f5a8af7",
    "https://esm.sh/v132/nexus@1.3.0/denonext/nexus.mjs": "30a300afd66f86b627ef49b74f41dbd21dcf7dc88fe3f6fa8bc1e01d1d9595fd",
    "https://esm.sh/v132/node-color-log@10.0.2/denonext/node-color-log.mjs": "2504391bd0ce1dd4c2bf0ed0b839b8a3ad84c028d9dd17cc58dccd2e14dacfde",
    "https://esm.sh/v132/node_fetch.js": "b11355358cf61343a3c30bd5942df60a3586d13e2c979b515164bfe851662798",
    "https://esm.sh/v132/npm-run-path@5.1.0/denonext/npm-run-path.mjs": "b97d372a504bcca269c98f5d13ba0671e47230aaaaa36c3554b4a705085044df",
    "https://esm.sh/v132/onetime@6.0.0/denonext/onetime.mjs": "c0be3fa6d700bb157f9a710aaf23df049f70c6a7d7e66a7d76568c5177267c51",
    "https://esm.sh/v132/original-fs@1.2.0/denonext/original-fs.mjs": "2b1098818e54d2c6748ff5b0dd9ea5f6a61b4b6d0f63fb625f21773d11cfc667",
    "https://esm.sh/v132/path-key@3.1.1/denonext/path-key.mjs": "add83c631278b7df9b33ae84e41142db88bb291295bcc27eb4e77a1cbdfa71d0",
    "https://esm.sh/v132/path-key@4.0.0/denonext/path-key.mjs": "2c2e3922bd0e6e414fa2752ff800bdc6b9208035ce797fa22e49b859f8259417",
    "https://esm.sh/v132/prettier@3.0.3/denonext/plugins/acorn.js": "4e07b2d75dae167d8426f922d6ce8f9f3702e68672618fa962f130922116140a",
    "https://esm.sh/v132/prettier@3.0.3/denonext/plugins/angular.js": "ed4c2cb4c494c19e49db85e6e8151b35314f3a4716dd386f2440f75d2f94ebb6",
    "https://esm.sh/v132/prettier@3.0.3/denonext/plugins/babel.js": "336b443d30c3a2b769c5a743a0e3635185e33e0cf19fc8bb3e06b0814a193b10",
    "https://esm.sh/v132/prettier@3.0.3/denonext/plugins/estree.js": "ae8a0259cc17e06bf25c4098997f8012495eb8f37f91d89986a3e922c6753449",
    "https://esm.sh/v132/prettier@3.0.3/denonext/plugins/flow.js": "cc9522465966aed2b81b6513dc005511042fc0285e889f0f5f59a574cf3b1682",
    "https://esm.sh/v132/prettier@3.0.3/denonext/plugins/glimmer.js": "84c2a3471566388435b53eb703fcb6ff20a425683cfedc09e315bac95dd08e3c",
    "https://esm.sh/v132/prettier@3.0.3/denonext/plugins/graphql.js": "0d64372cff69b96f43e942f8d118967779d76e7a222c7426f792c65af729e801",
    "https://esm.sh/v132/prettier@3.0.3/denonext/plugins/html.js": "50c7d343460c38c6df0928a838676f77d9276e6bedc24128fcd7f302762efd37",
    "https://esm.sh/v132/prettier@3.0.3/denonext/plugins/markdown.js": "621ec2bd3c116eace517f71ca08e1dae736720eef4a7c7cca0a4a11f4e5d5276",
    "https://esm.sh/v132/prettier@3.0.3/denonext/plugins/meriyah.js": "448d89df4735a88ae24abdb5d297836f0d6f6921eadec601cc48576754592efb",
    "https://esm.sh/v132/prettier@3.0.3/denonext/plugins/postcss.js": "1d72b0aa65e6ad830f0bc9d3a9b5833d4a9c72a1236ec313c9088a6bd28353bd",
    "https://esm.sh/v132/prettier@3.0.3/denonext/plugins/typescript.js": "a23e992e87cbccb069f007a6342d26eab942042d4d86ae13b0e10453a74075a4",
    "https://esm.sh/v132/prettier@3.0.3/denonext/plugins/yaml.js": "19d304f112b1fc15a470b18c2ff7a72b2b1bd40293d6de2936974a5cd0f4f4a8",
    "https://esm.sh/v132/prettier@3.0.3/denonext/prettier.mjs": "289099a02c0d142bd874c261644f11ef5ccc80e0c77f72802864d95bdedc9512",
    "https://esm.sh/v132/shebang-command@2.0.0/denonext/shebang-command.mjs": "35a3eae8fe5ccaab6598ba16e81bfc06bc1b46128028cd4cf76d63786dcd54aa",
    "https://esm.sh/v132/shebang-regex@3.0.0/denonext/shebang-regex.mjs": "03983ba59dd2cba9402935e21b46d05f5249364cba9f5757aef23c6c2fea65b9",
    "https://esm.sh/v132/signal-exit@4.1.0/denonext/signal-exit.mjs": "c450b9024df3b59ded71e7b52aada1ac4b3856aad93e9d64bbc6ea3cdd181824",
    "https://esm.sh/v132/strip-final-newline@3.0.0/denonext/strip-final-newline.mjs": "03d9be4e8a249d63cbbddeb2fb675a1bbbcb335283e604d4ce56c88c90e6f102",
    "https://esm.sh/v132/tar@6.2.0/denonext/tar.mjs": "f55c2f94c0ba1123048c9e3fa0af3a2bebac3af5a9895610865f05ae4d0b7f58",
    "https://esm.sh/v132/tslib@2.6.2/denonext/tslib.mjs": "29782bcd3139f77ec063dc5a9385c0fff4a8d0a23b6765c73d9edeb169a04bf1",
    "https://esm.sh/v132/which@2.0.2/denonext/which.mjs": "7482079af785ec16137592b26d53cb2808b05979559f5d0d9d036a80c6b1636e",
    "https://esm.sh/v132/yallist@4.0.0/denonext/yallist.mjs": "61f180d807dda50bac17028eda05d5722a3fecef6e98a9064e2353ea6864fd82"
  }
}
